// !$*UTF8*$!
{
	archiveVersion = 1;
	classes = {
	};
	objectVersion = 56;
	objects = {

/* Begin PBXBuildFile section */
		26F99BE929822A04000D4092 /* Astronaut_BrowserApp.swift in Sources */ = {isa = PBXBuildFile; fileRef = 26F99BE829822A04000D4092 /* Astronaut_BrowserApp.swift */; };
		26F99BEB29822A04000D4092 /* ContentView.swift in Sources */ = {isa = PBXBuildFile; fileRef = 26F99BEA29822A04000D4092 /* ContentView.swift */; };
		26F99BED29822A06000D4092 /* Assets.xcassets in Resources */ = {isa = PBXBuildFile; fileRef = 26F99BEC29822A06000D4092 /* Assets.xcassets */; };
		26F99BF129822A06000D4092 /* Preview Assets.xcassets in Resources */ = {isa = PBXBuildFile; fileRef = 26F99BF029822A06000D4092 /* Preview Assets.xcassets */; };
		26F99BFB29822A06000D4092 /* Astronaut_BrowserTests.swift in Sources */ = {isa = PBXBuildFile; fileRef = 26F99BFA29822A06000D4092 /* Astronaut_BrowserTests.swift */; };
		26F99C0529822A06000D4092 /* Astronaut_BrowserUITests.swift in Sources */ = {isa = PBXBuildFile; fileRef = 26F99C0429822A06000D4092 /* Astronaut_BrowserUITests.swift */; };
		26F99C0729822A06000D4092 /* Astronaut_BrowserUITestsLaunchTests.swift in Sources */ = {isa = PBXBuildFile; fileRef = 26F99C0629822A06000D4092 /* Astronaut_BrowserUITestsLaunchTests.swift */; };
/* End PBXBuildFile section */

/* Begin PBXContainerItemProxy section */
		26F99BF729822A06000D4092 /* PBXContainerItemProxy */ = {
			isa = PBXContainerItemProxy;
			containerPortal = 26F99BDD29822A04000D4092 /* Project object */;
			proxyType = 1;
			remoteGlobalIDString = 26F99BE429822A04000D4092;
			remoteInfo = "Astronaut Browser";
		};
		26F99C0129822A06000D4092 /* PBXContainerItemProxy */ = {
			isa = PBXContainerItemProxy;
			containerPortal = 26F99BDD29822A04000D4092 /* Project object */;
			proxyType = 1;
			remoteGlobalIDString = 26F99BE429822A04000D4092;
			remoteInfo = "Astronaut Browser";
		};
/* End PBXContainerItemProxy section */

/* Begin PBXFileReference section */
		26F99BE529822A04000D4092 /* Astronaut Browser.app */ = {isa = PBXFileReference; explicitFileType = wrapper.application; includeInIndex = 0; path = "Astronaut Browser.app"; sourceTree = BUILT_PRODUCTS_DIR; };
		26F99BE829822A04000D4092 /* Astronaut_BrowserApp.swift */ = {isa = PBXFileReference; lastKnownFileType = sourcecode.swift; path = Astronaut_BrowserApp.swift; sourceTree = "<group>"; };
		26F99BEA29822A04000D4092 /* ContentView.swift */ = {isa = PBXFileReference; lastKnownFileType = sourcecode.swift; path = ContentView.swift; sourceTree = "<group>"; };
		26F99BEC29822A06000D4092 /* Assets.xcassets */ = {isa = PBXFileReference; lastKnownFileType = folder.assetcatalog; path = Assets.xcassets; sourceTree = "<group>"; };
		26F99BEE29822A06000D4092 /* Astronaut_Browser.entitlements */ = {isa = PBXFileReference; lastKnownFileType = text.plist.entitlements; path = Astronaut_Browser.entitlements; sourceTree = "<group>"; };
		26F99BF029822A06000D4092 /* Preview Assets.xcassets */ = {isa = PBXFileReference; lastKnownFileType = folder.assetcatalog; path = "Preview Assets.xcassets"; sourceTree = "<group>"; };
		26F99BF629822A06000D4092 /* Astronaut BrowserTests.xctest */ = {isa = PBXFileReference; explicitFileType = wrapper.cfbundle; includeInIndex = 0; path = "Astronaut BrowserTests.xctest"; sourceTree = BUILT_PRODUCTS_DIR; };
		26F99BFA29822A06000D4092 /* Astronaut_BrowserTests.swift */ = {isa = PBXFileReference; lastKnownFileType = sourcecode.swift; path = Astronaut_BrowserTests.swift; sourceTree = "<group>"; };
		26F99C0029822A06000D4092 /* Astronaut BrowserUITests.xctest */ = {isa = PBXFileReference; explicitFileType = wrapper.cfbundle; includeInIndex = 0; path = "Astronaut BrowserUITests.xctest"; sourceTree = BUILT_PRODUCTS_DIR; };
		26F99C0429822A06000D4092 /* Astronaut_BrowserUITests.swift */ = {isa = PBXFileReference; lastKnownFileType = sourcecode.swift; path = Astronaut_BrowserUITests.swift; sourceTree = "<group>"; };
		26F99C0629822A06000D4092 /* Astronaut_BrowserUITestsLaunchTests.swift */ = {isa = PBXFileReference; lastKnownFileType = sourcecode.swift; path = Astronaut_BrowserUITestsLaunchTests.swift; sourceTree = "<group>"; };
/* End PBXFileReference section */

/* Begin PBXFrameworksBuildPhase section */
		26F99BE229822A04000D4092 /* Frameworks */ = {
			isa = PBXFrameworksBuildPhase;
			buildActionMask = 2147483647;
			files = (
			);
			runOnlyForDeploymentPostprocessing = 0;
		};
		26F99BF329822A06000D4092 /* Frameworks */ = {
			isa = PBXFrameworksBuildPhase;
			buildActionMask = 2147483647;
			files = (
			);
			runOnlyForDeploymentPostprocessing = 0;
		};
		26F99BFD29822A06000D4092 /* Frameworks */ = {
			isa = PBXFrameworksBuildPhase;
			buildActionMask = 2147483647;
			files = (
			);
			runOnlyForDeploymentPostprocessing = 0;
		};
/* End PBXFrameworksBuildPhase section */

/* Begin PBXGroup section */
		26F99BDC29822A04000D4092 = {
			isa = PBXGroup;
			children = (
				26F99BE729822A04000D4092 /* Astronaut Browser */,
				26F99BF929822A06000D4092 /* Astronaut BrowserTests */,
				26F99C0329822A06000D4092 /* Astronaut BrowserUITests */,
				26F99BE629822A04000D4092 /* Products */,
			);
			sourceTree = "<group>";
		};
		26F99BE629822A04000D4092 /* Products */ = {
			isa = PBXGroup;
			children = (
				26F99BE529822A04000D4092 /* Astronaut Browser.app */,
				26F99BF629822A06000D4092 /* Astronaut BrowserTests.xctest */,
				26F99C0029822A06000D4092 /* Astronaut BrowserUITests.xctest */,
			);
			name = Products;
			sourceTree = "<group>";
		};
		26F99BE729822A04000D4092 /* Astronaut Browser */ = {
			isa = PBXGroup;
			children = (
				26F99BE829822A04000D4092 /* Astronaut_BrowserApp.swift */,
				26F99BEA29822A04000D4092 /* ContentView.swift */,
				26F99BEC29822A06000D4092 /* Assets.xcassets */,
				26F99BEE29822A06000D4092 /* Astronaut_Browser.entitlements */,
				26F99BEF29822A06000D4092 /* Preview Content */,
			);
			path = "Astronaut Browser";
			sourceTree = "<group>";
		};
		26F99BEF29822A06000D4092 /* Preview Content */ = {
			isa = PBXGroup;
			children = (
				26F99BF029822A06000D4092 /* Preview Assets.xcassets */,
			);
			path = "Preview Content";
			sourceTree = "<group>";
		};
		26F99BF929822A06000D4092 /* Astronaut BrowserTests */ = {
			isa = PBXGroup;
			children = (
				26F99BFA29822A06000D4092 /* Astronaut_BrowserTests.swift */,
			);
			path = "Astronaut BrowserTests";
			sourceTree = "<group>";
		};
		26F99C0329822A06000D4092 /* Astronaut BrowserUITests */ = {
			isa = PBXGroup;
			children = (
				26F99C0429822A06000D4092 /* Astronaut_BrowserUITests.swift */,
				26F99C0629822A06000D4092 /* Astronaut_BrowserUITestsLaunchTests.swift */,
			);
			path = "Astronaut BrowserUITests";
			sourceTree = "<group>";
		};
/* End PBXGroup section */

/* Begin PBXNativeTarget section */
		26F99BE429822A04000D4092 /* Astronaut Browser */ = {
			isa = PBXNativeTarget;
			buildConfigurationList = 26F99C0A29822A06000D4092 /* Build configuration list for PBXNativeTarget "Astronaut Browser" */;
			buildPhases = (
				26F99BE129822A04000D4092 /* Sources */,
				26F99BE229822A04000D4092 /* Frameworks */,
				26F99BE329822A04000D4092 /* Resources */,
			);
			buildRules = (
			);
			dependencies = (
			);
			name = "Astronaut Browser";
			productName = "Astronaut Browser";
			productReference = 26F99BE529822A04000D4092 /* Astronaut Browser.app */;
			productType = "com.apple.product-type.application";
		};
		26F99BF529822A06000D4092 /* Astronaut BrowserTests */ = {
			isa = PBXNativeTarget;
			buildConfigurationList = 26F99C0D29822A06000D4092 /* Build configuration list for PBXNativeTarget "Astronaut BrowserTests" */;
			buildPhases = (
				26F99BF229822A06000D4092 /* Sources */,
				26F99BF329822A06000D4092 /* Frameworks */,
				26F99BF429822A06000D4092 /* Resources */,
			);
			buildRules = (
			);
			dependencies = (
				26F99BF829822A06000D4092 /* PBXTargetDependency */,
			);
			name = "Astronaut BrowserTests";
			productName = "Astronaut BrowserTests";
			productReference = 26F99BF629822A06000D4092 /* Astronaut BrowserTests.xctest */;
			productType = "com.apple.product-type.bundle.unit-test";
		};
		26F99BFF29822A06000D4092 /* Astronaut BrowserUITests */ = {
			isa = PBXNativeTarget;
			buildConfigurationList = 26F99C1029822A06000D4092 /* Build configuration list for PBXNativeTarget "Astronaut BrowserUITests" */;
			buildPhases = (
				26F99BFC29822A06000D4092 /* Sources */,
				26F99BFD29822A06000D4092 /* Frameworks */,
				26F99BFE29822A06000D4092 /* Resources */,
			);
			buildRules = (
			);
			dependencies = (
				26F99C0229822A06000D4092 /* PBXTargetDependency */,
			);
			name = "Astronaut BrowserUITests";
			productName = "Astronaut BrowserUITests";
			productReference = 26F99C0029822A06000D4092 /* Astronaut BrowserUITests.xctest */;
			productType = "com.apple.product-type.bundle.ui-testing";
		};
/* End PBXNativeTarget section */

/* Begin PBXProject section */
		26F99BDD29822A04000D4092 /* Project object */ = {
			isa = PBXProject;
			attributes = {
				BuildIndependentTargetsInParallel = 1;
				LastSwiftUpdateCheck = 1420;
				LastUpgradeCheck = 1420;
				TargetAttributes = {
					26F99BE429822A04000D4092 = {
						CreatedOnToolsVersion = 14.2;
					};
					26F99BF529822A06000D4092 = {
						CreatedOnToolsVersion = 14.2;
						TestTargetID = 26F99BE429822A04000D4092;
					};
					26F99BFF29822A06000D4092 = {
						CreatedOnToolsVersion = 14.2;
						TestTargetID = 26F99BE429822A04000D4092;
					};
				};
			};
			buildConfigurationList = 26F99BE029822A04000D4092 /* Build configuration list for PBXProject "Astronaut Browser" */;
			compatibilityVersion = "Xcode 14.0";
			developmentRegion = en;
			hasScannedForEncodings = 0;
			knownRegions = (
				en,
				Base,
			);
			mainGroup = 26F99BDC29822A04000D4092;
			productRefGroup = 26F99BE629822A04000D4092 /* Products */;
			projectDirPath = "";
			projectRoot = "";
			targets = (
				26F99BE429822A04000D4092 /* Astronaut Browser */,
				26F99BF529822A06000D4092 /* Astronaut BrowserTests */,
				26F99BFF29822A06000D4092 /* Astronaut BrowserUITests */,
			);
		};
/* End PBXProject section */

/* Begin PBXResourcesBuildPhase section */
		26F99BE329822A04000D4092 /* Resources */ = {
			isa = PBXResourcesBuildPhase;
			buildActionMask = 2147483647;
			files = (
				26F99BF129822A06000D4092 /* Preview Assets.xcassets in Resources */,
				26F99BED29822A06000D4092 /* Assets.xcassets in Resources */,
			);
			runOnlyForDeploymentPostprocessing = 0;
		};
		26F99BF429822A06000D4092 /* Resources */ = {
			isa = PBXResourcesBuildPhase;
			buildActionMask = 2147483647;
			files = (
			);
			runOnlyForDeploymentPostprocessing = 0;
		};
		26F99BFE29822A06000D4092 /* Resources */ = {
			isa = PBXResourcesBuildPhase;
			buildActionMask = 2147483647;
			files = (
			);
			runOnlyForDeploymentPostprocessing = 0;
		};
/* End PBXResourcesBuildPhase section */

/* Begin PBXSourcesBuildPhase section */
		26F99BE129822A04000D4092 /* Sources */ = {
			isa = PBXSourcesBuildPhase;
			buildActionMask = 2147483647;
			files = (
				26F99BEB29822A04000D4092 /* ContentView.swift in Sources */,
				26F99BE929822A04000D4092 /* Astronaut_BrowserApp.swift in Sources */,
			);
			runOnlyForDeploymentPostprocessing = 0;
		};
		26F99BF229822A06000D4092 /* Sources */ = {
			isa = PBXSourcesBuildPhase;
			buildActionMask = 2147483647;
			files = (
				26F99BFB29822A06000D4092 /* Astronaut_BrowserTests.swift in Sources */,
			);
			runOnlyForDeploymentPostprocessing = 0;
		};
		26F99BFC29822A06000D4092 /* Sources */ = {
			isa = PBXSourcesBuildPhase;
			buildActionMask = 2147483647;
			files = (
				26F99C0529822A06000D4092 /* Astronaut_BrowserUITests.swift in Sources */,
				26F99C0729822A06000D4092 /* Astronaut_BrowserUITestsLaunchTests.swift in Sources */,
			);
			runOnlyForDeploymentPostprocessing = 0;
		};
/* End PBXSourcesBuildPhase section */

/* Begin PBXTargetDependency section */
		26F99BF829822A06000D4092 /* PBXTargetDependency */ = {
			isa = PBXTargetDependency;
			target = 26F99BE429822A04000D4092 /* Astronaut Browser */;
			targetProxy = 26F99BF729822A06000D4092 /* PBXContainerItemProxy */;
		};
		26F99C0229822A06000D4092 /* PBXTargetDependency */ = {
			isa = PBXTargetDependency;
			target = 26F99BE429822A04000D4092 /* Astronaut Browser */;
			targetProxy = 26F99C0129822A06000D4092 /* PBXContainerItemProxy */;
		};
/* End PBXTargetDependency section */

/* Begin XCBuildConfiguration section */
		26F99C0829822A06000D4092 /* Debug */ = {
			isa = XCBuildConfiguration;
			buildSettings = {
				ALWAYS_SEARCH_USER_PATHS = NO;
				CLANG_ANALYZER_NONNULL = YES;
				CLANG_ANALYZER_NUMBER_OBJECT_CONVERSION = YES_AGGRESSIVE;
				CLANG_CXX_LANGUAGE_STANDARD = "gnu++20";
				CLANG_ENABLE_MODULES = YES;
				CLANG_ENABLE_OBJC_ARC = YES;
				CLANG_ENABLE_OBJC_WEAK = YES;
				CLANG_WARN_BLOCK_CAPTURE_AUTORELEASING = YES;
				CLANG_WARN_BOOL_CONVERSION = YES;
				CLANG_WARN_COMMA = YES;
				CLANG_WARN_CONSTANT_CONVERSION = YES;
				CLANG_WARN_DEPRECATED_OBJC_IMPLEMENTATIONS = YES;
				CLANG_WARN_DIRECT_OBJC_ISA_USAGE = YES_ERROR;
				CLANG_WARN_DOCUMENTATION_COMMENTS = YES;
				CLANG_WARN_EMPTY_BODY = YES;
				CLANG_WARN_ENUM_CONVERSION = YES;
				CLANG_WARN_INFINITE_RECURSION = YES;
				CLANG_WARN_INT_CONVERSION = YES;
				CLANG_WARN_NON_LITERAL_NULL_CONVERSION = YES;
				CLANG_WARN_OBJC_IMPLICIT_RETAIN_SELF = YES;
				CLANG_WARN_OBJC_LITERAL_CONVERSION = YES;
				CLANG_WARN_OBJC_ROOT_CLASS = YES_ERROR;
				CLANG_WARN_QUOTED_INCLUDE_IN_FRAMEWORK_HEADER = YES;
				CLANG_WARN_RANGE_LOOP_ANALYSIS = YES;
				CLANG_WARN_STRICT_PROTOTYPES = YES;
				CLANG_WARN_SUSPICIOUS_MOVE = YES;
				CLANG_WARN_UNGUARDED_AVAILABILITY = YES_AGGRESSIVE;
				CLANG_WARN_UNREACHABLE_CODE = YES;
				CLANG_WARN__DUPLICATE_METHOD_MATCH = YES;
				COPY_PHASE_STRIP = NO;
				DEBUG_INFORMATION_FORMAT = dwarf;
				ENABLE_STRICT_OBJC_MSGSEND = YES;
				ENABLE_TESTABILITY = YES;
				GCC_C_LANGUAGE_STANDARD = gnu11;
				GCC_DYNAMIC_NO_PIC = NO;
				GCC_NO_COMMON_BLOCKS = YES;
				GCC_OPTIMIZATION_LEVEL = 0;
				GCC_PREPROCESSOR_DEFINITIONS = (
					"DEBUG=1",
					"$(inherited)",
				);
				GCC_WARN_64_TO_32_BIT_CONVERSION = YES;
				GCC_WARN_ABOUT_RETURN_TYPE = YES_ERROR;
				GCC_WARN_UNDECLARED_SELECTOR = YES;
				GCC_WARN_UNINITIALIZED_AUTOS = YES_AGGRESSIVE;
				GCC_WARN_UNUSED_FUNCTION = YES;
				GCC_WARN_UNUSED_VARIABLE = YES;
				MTL_ENABLE_DEBUG_INFO = INCLUDE_SOURCE;
				MTL_FAST_MATH = YES;
				ONLY_ACTIVE_ARCH = YES;
				SWIFT_ACTIVE_COMPILATION_CONDITIONS = DEBUG;
				SWIFT_OPTIMIZATION_LEVEL = "-Onone";
			};
			name = Debug;
		};
		26F99C0929822A06000D4092 /* Release */ = {
			isa = XCBuildConfiguration;
			buildSettings = {
				ALWAYS_SEARCH_USER_PATHS = NO;
				CLANG_ANALYZER_NONNULL = YES;
				CLANG_ANALYZER_NUMBER_OBJECT_CONVERSION = YES_AGGRESSIVE;
				CLANG_CXX_LANGUAGE_STANDARD = "gnu++20";
				CLANG_ENABLE_MODULES = YES;
				CLANG_ENABLE_OBJC_ARC = YES;
				CLANG_ENABLE_OBJC_WEAK = YES;
				CLANG_WARN_BLOCK_CAPTURE_AUTORELEASING = YES;
				CLANG_WARN_BOOL_CONVERSION = YES;
				CLANG_WARN_COMMA = YES;
				CLANG_WARN_CONSTANT_CONVERSION = YES;
				CLANG_WARN_DEPRECATED_OBJC_IMPLEMENTATIONS = YES;
				CLANG_WARN_DIRECT_OBJC_ISA_USAGE = YES_ERROR;
				CLANG_WARN_DOCUMENTATION_COMMENTS = YES;
				CLANG_WARN_EMPTY_BODY = YES;
				CLANG_WARN_ENUM_CONVERSION = YES;
				CLANG_WARN_INFINITE_RECURSION = YES;
				CLANG_WARN_INT_CONVERSION = YES;
				CLANG_WARN_NON_LITERAL_NULL_CONVERSION = YES;
				CLANG_WARN_OBJC_IMPLICIT_RETAIN_SELF = YES;
				CLANG_WARN_OBJC_LITERAL_CONVERSION = YES;
				CLANG_WARN_OBJC_ROOT_CLASS = YES_ERROR;
				CLANG_WARN_QUOTED_INCLUDE_IN_FRAMEWORK_HEADER = YES;
				CLANG_WARN_RANGE_LOOP_ANALYSIS = YES;
				CLANG_WARN_STRICT_PROTOTYPES = YES;
				CLANG_WARN_SUSPICIOUS_MOVE = YES;
				CLANG_WARN_UNGUARDED_AVAILABILITY = YES_AGGRESSIVE;
				CLANG_WARN_UNREACHABLE_CODE = YES;
				CLANG_WARN__DUPLICATE_METHOD_MATCH = YES;
				COPY_PHASE_STRIP = NO;
				DEBUG_INFORMATION_FORMAT = "dwarf-with-dsym";
				ENABLE_NS_ASSERTIONS = NO;
				ENABLE_STRICT_OBJC_MSGSEND = YES;
				GCC_C_LANGUAGE_STANDARD = gnu11;
				GCC_NO_COMMON_BLOCKS = YES;
				GCC_WARN_64_TO_32_BIT_CONVERSION = YES;
				GCC_WARN_ABOUT_RETURN_TYPE = YES_ERROR;
				GCC_WARN_UNDECLARED_SELECTOR = YES;
				GCC_WARN_UNINITIALIZED_AUTOS = YES_AGGRESSIVE;
				GCC_WARN_UNUSED_FUNCTION = YES;
				GCC_WARN_UNUSED_VARIABLE = YES;
				MTL_ENABLE_DEBUG_INFO = NO;
				MTL_FAST_MATH = YES;
				SWIFT_COMPILATION_MODE = wholemodule;
				SWIFT_OPTIMIZATION_LEVEL = "-O";
			};
			name = Release;
		};
		26F99C0B29822A06000D4092 /* Debug */ = {
			isa = XCBuildConfiguration;
			buildSettings = {
				ASSETCATALOG_COMPILER_APPICON_NAME = AppIcon;
				ASSETCATALOG_COMPILER_GLOBAL_ACCENT_COLOR_NAME = AccentColor;
				CODE_SIGN_ENTITLEMENTS = "Astronaut Browser/Astronaut_Browser.entitlements";
				CODE_SIGN_STYLE = Automatic;
				CURRENT_PROJECT_VERSION = 1;
				DEVELOPMENT_ASSET_PATHS = "\"Astronaut Browser/Preview Content\"";
				ENABLE_PREVIEWS = YES;
				GENERATE_INFOPLIST_FILE = YES;
				"INFOPLIST_KEY_UIApplicationSceneManifest_Generation[sdk=iphoneos*]" = YES;
				"INFOPLIST_KEY_UIApplicationSceneManifest_Generation[sdk=iphonesimulator*]" = YES;
				"INFOPLIST_KEY_UIApplicationSupportsIndirectInputEvents[sdk=iphoneos*]" = YES;
				"INFOPLIST_KEY_UIApplicationSupportsIndirectInputEvents[sdk=iphonesimulator*]" = YES;
				"INFOPLIST_KEY_UILaunchScreen_Generation[sdk=iphoneos*]" = YES;
				"INFOPLIST_KEY_UILaunchScreen_Generation[sdk=iphonesimulator*]" = YES;
				"INFOPLIST_KEY_UIStatusBarStyle[sdk=iphoneos*]" = UIStatusBarStyleDefault;
				"INFOPLIST_KEY_UIStatusBarStyle[sdk=iphonesimulator*]" = UIStatusBarStyleDefault;
				INFOPLIST_KEY_UISupportedInterfaceOrientations_iPad = "UIInterfaceOrientationPortrait UIInterfaceOrientationPortraitUpsideDown UIInterfaceOrientationLandscapeLeft UIInterfaceOrientationLandscapeRight";
				INFOPLIST_KEY_UISupportedInterfaceOrientations_iPhone = "UIInterfaceOrientationPortrait UIInterfaceOrientationLandscapeLeft UIInterfaceOrientationLandscapeRight";
				IPHONEOS_DEPLOYMENT_TARGET = 16.2;
				LD_RUNPATH_SEARCH_PATHS = "@executable_path/Frameworks";
				"LD_RUNPATH_SEARCH_PATHS[sdk=macosx*]" = "@executable_path/../Frameworks";
				MACOSX_DEPLOYMENT_TARGET = 12.6;
				MARKETING_VERSION = 1.0;
				PRODUCT_BUNDLE_IDENTIFIER = "com.ustwo.Astronaut-Browser";
				PRODUCT_NAME = "$(TARGET_NAME)";
				SDKROOT = auto;
				SUPPORTED_PLATFORMS = "iphoneos iphonesimulator macosx";
				SWIFT_EMIT_LOC_STRINGS = YES;
				SWIFT_VERSION = 5.0;
				TARGETED_DEVICE_FAMILY = "1,2";
			};
			name = Debug;
		};
		26F99C0C29822A06000D4092 /* Release */ = {
			isa = XCBuildConfiguration;
			buildSettings = {
				ASSETCATALOG_COMPILER_APPICON_NAME = AppIcon;
				ASSETCATALOG_COMPILER_GLOBAL_ACCENT_COLOR_NAME = AccentColor;
				CODE_SIGN_ENTITLEMENTS = "Astronaut Browser/Astronaut_Browser.entitlements";
				CODE_SIGN_STYLE = Automatic;
				CURRENT_PROJECT_VERSION = 1;
				DEVELOPMENT_ASSET_PATHS = "\"Astronaut Browser/Preview Content\"";
				ENABLE_PREVIEWS = YES;
				GENERATE_INFOPLIST_FILE = YES;
				"INFOPLIST_KEY_UIApplicationSceneManifest_Generation[sdk=iphoneos*]" = YES;
				"INFOPLIST_KEY_UIApplicationSceneManifest_Generation[sdk=iphonesimulator*]" = YES;
				"INFOPLIST_KEY_UIApplicationSupportsIndirectInputEvents[sdk=iphoneos*]" = YES;
				"INFOPLIST_KEY_UIApplicationSupportsIndirectInputEvents[sdk=iphonesimulator*]" = YES;
				"INFOPLIST_KEY_UILaunchScreen_Generation[sdk=iphoneos*]" = YES;
				"INFOPLIST_KEY_UILaunchScreen_Generation[sdk=iphonesimulator*]" = YES;
				"INFOPLIST_KEY_UIStatusBarStyle[sdk=iphoneos*]" = UIStatusBarStyleDefault;
				"INFOPLIST_KEY_UIStatusBarStyle[sdk=iphonesimulator*]" = UIStatusBarStyleDefault;
				INFOPLIST_KEY_UISupportedInterfaceOrientations_iPad = "UIInterfaceOrientationPortrait UIInterfaceOrientationPortraitUpsideDown UIInterfaceOrientationLandscapeLeft UIInterfaceOrientationLandscapeRight";
				INFOPLIST_KEY_UISupportedInterfaceOrientations_iPhone = "UIInterfaceOrientationPortrait UIInterfaceOrientationLandscapeLeft UIInterfaceOrientationLandscapeRight";
				IPHONEOS_DEPLOYMENT_TARGET = 16.2;
				LD_RUNPATH_SEARCH_PATHS = "@executable_path/Frameworks";
				"LD_RUNPATH_SEARCH_PATHS[sdk=macosx*]" = "@executable_path/../Frameworks";
				MACOSX_DEPLOYMENT_TARGET = 12.6;
				MARKETING_VERSION = 1.0;
				PRODUCT_BUNDLE_IDENTIFIER = "com.ustwo.Astronaut-Browser";
				PRODUCT_NAME = "$(TARGET_NAME)";
				SDKROOT = auto;
				SUPPORTED_PLATFORMS = "iphoneos iphonesimulator macosx";
				SWIFT_EMIT_LOC_STRINGS = YES;
				SWIFT_VERSION = 5.0;
				TARGETED_DEVICE_FAMILY = "1,2";
			};
			name = Release;
		};
		26F99C0E29822A06000D4092 /* Debug */ = {
			isa = XCBuildConfiguration;
			buildSettings = {
				ALWAYS_EMBED_SWIFT_STANDARD_LIBRARIES = YES;
				BUNDLE_LOADER = "$(TEST_HOST)";
				CODE_SIGN_STYLE = Automatic;
				CURRENT_PROJECT_VERSION = 1;
				GENERATE_INFOPLIST_FILE = YES;
				IPHONEOS_DEPLOYMENT_TARGET = 16.2;
				MACOSX_DEPLOYMENT_TARGET = 12.6;
				MARKETING_VERSION = 1.0;
				PRODUCT_BUNDLE_IDENTIFIER = "com.ustwo.Astronaut-BrowserTests";
				PRODUCT_NAME = "$(TARGET_NAME)";
				SDKROOT = auto;
				SUPPORTED_PLATFORMS = "iphoneos iphonesimulator macosx";
				SWIFT_EMIT_LOC_STRINGS = NO;
				SWIFT_VERSION = 5.0;
				TARGETED_DEVICE_FAMILY = "1,2";
				TEST_HOST = "$(BUILT_PRODUCTS_DIR)/Astronaut Browser.app/$(BUNDLE_EXECUTABLE_FOLDER_PATH)/Astronaut Browser";
			};
			name = Debug;
		};
		26F99C0F29822A06000D4092 /* Release */ = {
			isa = XCBuildConfiguration;
			buildSettings = {
				ALWAYS_EMBED_SWIFT_STANDARD_LIBRARIES = YES;
				BUNDLE_LOADER = "$(TEST_HOST)";
				CODE_SIGN_STYLE = Automatic;
				CURRENT_PROJECT_VERSION = 1;
				GENERATE_INFOPLIST_FILE = YES;
				IPHONEOS_DEPLOYMENT_TARGET = 16.2;
				MACOSX_DEPLOYMENT_TARGET = 12.6;
				MARKETING_VERSION = 1.0;
				PRODUCT_BUNDLE_IDENTIFIER = "com.ustwo.Astronaut-BrowserTests";
				PRODUCT_NAME = "$(TARGET_NAME)";
				SDKROOT = auto;
				SUPPORTED_PLATFORMS = "iphoneos iphonesimulator macosx";
				SWIFT_EMIT_LOC_STRINGS = NO;
				SWIFT_VERSION = 5.0;
				TARGETED_DEVICE_FAMILY = "1,2";
				TEST_HOST = "$(BUILT_PRODUCTS_DIR)/Astronaut Browser.app/$(BUNDLE_EXECUTABLE_FOLDER_PATH)/Astronaut Browser";
			};
			name = Release;
		};
		26F99C1129822A06000D4092 /* Debug */ = {
			isa = XCBuildConfiguration;
			buildSettings = {
				ALWAYS_EMBED_SWIFT_STANDARD_LIBRARIES = YES;
				CODE_SIGN_STYLE = Automatic;
				CURRENT_PROJECT_VERSION = 1;
				GENERATE_INFOPLIST_FILE = YES;
				IPHONEOS_DEPLOYMENT_TARGET = 16.2;
				MACOSX_DEPLOYMENT_TARGET = 12.6;
				MARKETING_VERSION = 1.0;
				PRODUCT_BUNDLE_IDENTIFIER = "com.ustwo.Astronaut-BrowserUITests";
				PRODUCT_NAME = "$(TARGET_NAME)";
				SDKROOT = auto;
				SUPPORTED_PLATFORMS = "iphoneos iphonesimulator macosx";
				SWIFT_EMIT_LOC_STRINGS = NO;
				SWIFT_VERSION = 5.0;
				TARGETED_DEVICE_FAMILY = "1,2";
				TEST_TARGET_NAME = "Astronaut Browser";
			};
			name = Debug;
		};
		26F99C1229822A06000D4092 /* Release */ = {
			isa = XCBuildConfiguration;
			buildSettings = {
				ALWAYS_EMBED_SWIFT_STANDARD_LIBRARIES = YES;
				CODE_SIGN_STYLE = Automatic;
				CURRENT_PROJECT_VERSION = 1;
				GENERATE_INFOPLIST_FILE = YES;
				IPHONEOS_DEPLOYMENT_TARGET = 16.2;
				MACOSX_DEPLOYMENT_TARGET = 12.6;
				MARKETING_VERSION = 1.0;
				PRODUCT_BUNDLE_IDENTIFIER = "com.ustwo.Astronaut-BrowserUITests";
				PRODUCT_NAME = "$(TARGET_NAME)";
				SDKROOT = auto;
				SUPPORTED_PLATFORMS = "iphoneos iphonesimulator macosx";
				SWIFT_EMIT_LOC_STRINGS = NO;
				SWIFT_VERSION = 5.0;
				TARGETED_DEVICE_FAMILY = "1,2";
				TEST_TARGET_NAME = "Astronaut Browser";
			};
			name = Release;
		};
/* End XCBuildConfiguration section */

/* Begin XCConfigurationList section */
		26F99BE029822A04000D4092 /* Build configuration list for PBXProject "Astronaut Browser" */ = {
			isa = XCConfigurationList;
			buildConfigurations = (
				26F99C0829822A06000D4092 /* Debug */,
				26F99C0929822A06000D4092 /* Release */,
			);
			defaultConfigurationIsVisible = 0;
			defaultConfigurationName = Release;
		};
		26F99C0A29822A06000D4092 /* Build configuration list for PBXNativeTarget "Astronaut Browser" */ = {
			isa = XCConfigurationList;
			buildConfigurations = (
				26F99C0B29822A06000D4092 /* Debug */,
				26F99C0C29822A06000D4092 /* Release */,
			);
			defaultConfigurationIsVisible = 0;
			defaultConfigurationName = Release;
		};
		26F99C0D29822A06000D4092 /* Build configuration list for PBXNativeTarget "Astronaut BrowserTests" */ = {
			isa = XCConfigurationList;
			buildConfigurations = (
				26F99C0E29822A06000D4092 /* Debug */,
				26F99C0F29822A06000D4092 /* Release */,
			);
			defaultConfigurationIsVisible = 0;
			defaultConfigurationName = Release;
		};
		26F99C1029822A06000D4092 /* Build configuration list for PBXNativeTarget "Astronaut BrowserUITests" */ = {
			isa = XCConfigurationList;
			buildConfigurations = (
				26F99C1129822A06000D4092 /* Debug */,
				26F99C1229822A06000D4092 /* Release */,
			);
			defaultConfigurationIsVisible = 0;
			defaultConfigurationName = Release;
		};
/* End XCConfigurationList section */
	};
	rootObject = 26F99BDD29822A04000D4092 /* Project object */;
}
